
Microsoft Visual Studio Solution File, Format Version 12.00
Project("{FAE04EC0-301F-11D3-BF4B-00C04F79EFBC}") = "HSE.KPO.Console", "HSE.KPO.Console\HSE.KPO.Console.csproj", "{7F621504-D498-45FB-AB86-4D0600AD8C74}"
EndProject
Project("{FAE04EC0-301F-11D3-BF4B-00C04F79EFBC}") = "HSE.KPO.Application", "HSE.KPO.Application\HSE.KPO.Application.csproj", "{CA763997-C515-41DD-A0D6-B21713C2EE95}"
EndProject
Project("{FAE04EC0-301F-11D3-BF4B-00C04F79EFBC}") = "HSE.KPO.Domain", "HSE.KPO.Domain\HSE.KPO.Domain.csproj", "{FCEAF0F4-63D0-48FA-B72B-0CD8F8B6768A}"
EndProject
Project("{2150E333-8FDC-42A3-9474-1A3956D46DE8}") = "Tools", "Tools", "{7AB6AC44-BAB2-4F1E-A316-689F55345AD7}"
EndProject
Project("{FAE04EC0-301F-11D3-BF4B-00C04F79EFBC}") = "HSE.KPO.DependencyInjector", "HSE.KPO.DependencyInjector\HSE.KPO.DependencyInjector.csproj", "{982A3D87-6CA2-40C4-9BBD-21681A8E724B}"
EndProject
Global
	GlobalSection(SolutionConfigurationPlatforms) = preSolution
		Debug|Any CPU = Debug|Any CPU
		Release|Any CPU = Release|Any CPU
	EndGlobalSection
	GlobalSection(ProjectConfigurationPlatforms) = postSolution
		{7F621504-D498-45FB-AB86-4D0600AD8C74}.Debug|Any CPU.ActiveCfg = Debug|Any CPU
		{7F621504-D498-45FB-AB86-4D0600AD8C74}.Debug|Any CPU.Build.0 = Debug|Any CPU
		{7F621504-D498-45FB-AB86-4D0600AD8C74}.Release|Any CPU.ActiveCfg = Release|Any CPU
		{7F621504-D498-45FB-AB86-4D0600AD8C74}.Release|Any CPU.Build.0 = Release|Any CPU
		{CA763997-C515-41DD-A0D6-B21713C2EE95}.Debug|Any CPU.ActiveCfg = Debug|Any CPU
		{CA763997-C515-41DD-A0D6-B21713C2EE95}.Debug|Any CPU.Build.0 = Debug|Any CPU
		{CA763997-C515-41DD-A0D6-B21713C2EE95}.Release|Any CPU.ActiveCfg = Release|Any CPU
		{CA763997-C515-41DD-A0D6-B21713C2EE95}.Release|Any CPU.Build.0 = Release|Any CPU
		{FCEAF0F4-63D0-48FA-B72B-0CD8F8B6768A}.Debug|Any CPU.ActiveCfg = Debug|Any CPU
		{FCEAF0F4-63D0-48FA-B72B-0CD8F8B6768A}.Debug|Any CPU.Build.0 = Debug|Any CPU
		{FCEAF0F4-63D0-48FA-B72B-0CD8F8B6768A}.Release|Any CPU.ActiveCfg = Release|Any CPU
		{FCEAF0F4-63D0-48FA-B72B-0CD8F8B6768A}.Release|Any CPU.Build.0 = Release|Any CPU
		{982A3D87-6CA2-40C4-9BBD-21681A8E724B}.Debug|Any CPU.ActiveCfg = Debug|Any CPU
		{982A3D87-6CA2-40C4-9BBD-21681A8E724B}.Debug|Any CPU.Build.0 = Debug|Any CPU
		{982A3D87-6CA2-40C4-9BBD-21681A8E724B}.Release|Any CPU.ActiveCfg = Release|Any CPU
		{982A3D87-6CA2-40C4-9BBD-21681A8E724B}.Release|Any CPU.Build.0 = Release|Any CPU
	EndGlobalSection
	GlobalSection(NestedProjects) = preSolution
		{982A3D87-6CA2-40C4-9BBD-21681A8E724B} = {7AB6AC44-BAB2-4F1E-A316-689F55345AD7}
	EndGlobalSection
EndGlobal
